// !$*UTF8*$!
{
	archiveVersion = 1;
	classes = {
	};
	objectVersion = 52;
	objects = {

/* Begin PBXBuildFile section */
		6DABE39523B23EB4009EC65B /* AppDelegate.swift in Sources */ = {isa = PBXBuildFile; fileRef = 6DABE39423B23EB4009EC65B /* AppDelegate.swift */; };
		6DABE39723B23EB4009EC65B /* SceneDelegate.swift in Sources */ = {isa = PBXBuildFile; fileRef = 6DABE39623B23EB4009EC65B /* SceneDelegate.swift */; };
		6DABE39923B23EB4009EC65B /* ContentView.swift in Sources */ = {isa = PBXBuildFile; fileRef = 6DABE39823B23EB4009EC65B /* ContentView.swift */; };
		6DABE39B23B23EB8009EC65B /* Assets.xcassets in Resources */ = {isa = PBXBuildFile; fileRef = 6DABE39A23B23EB8009EC65B /* Assets.xcassets */; };
		6DABE39E23B23EB8009EC65B /* Preview Assets.xcassets in Resources */ = {isa = PBXBuildFile; fileRef = 6DABE39D23B23EB8009EC65B /* Preview Assets.xcassets */; };
		6DABE3A123B23EB8009EC65B /* LaunchScreen.storyboard in Resources */ = {isa = PBXBuildFile; fileRef = 6DABE39F23B23EB8009EC65B /* LaunchScreen.storyboard */; };
		6DABE3AC23B23EB8009EC65B /* DiagramsTests.swift in Sources */ = {isa = PBXBuildFile; fileRef = 6DABE3AB23B23EB8009EC65B /* DiagramsTests.swift */; };
		6DABE3B723B23EB8009EC65B /* DiagramsUITests.swift in Sources */ = {isa = PBXBuildFile; fileRef = 6DABE3B623B23EB8009EC65B /* DiagramsUITests.swift */; };
		6DABE3CF23B24C35009EC65B /* GitHubAPI in Frameworks */ = {isa = PBXBuildFile; productRef = 6DABE3CE23B24C35009EC65B /* GitHubAPI */; };
		6DABE3D223B25293009EC65B /* News in Frameworks */ = {isa = PBXBuildFile; productRef = 6DABE3D123B25293009EC65B /* News */; };
/* End PBXBuildFile section */

/* Begin PBXContainerItemProxy section */
		6DABE3A823B23EB8009EC65B /* PBXContainerItemProxy */ = {
			isa = PBXContainerItemProxy;
			containerPortal = 6DABE38923B23EB4009EC65B /* Project object */;
			proxyType = 1;
			remoteGlobalIDString = 6DABE39023B23EB4009EC65B;
			remoteInfo = Diagrams;
		};
		6DABE3B323B23EB8009EC65B /* PBXContainerItemProxy */ = {
			isa = PBXContainerItemProxy;
			containerPortal = 6DABE38923B23EB4009EC65B /* Project object */;
			proxyType = 1;
			remoteGlobalIDString = 6DABE39023B23EB4009EC65B;
			remoteInfo = Diagrams;
		};
/* End PBXContainerItemProxy section */

/* Begin PBXFileReference section */
		6DABE39123B23EB4009EC65B /* Diagrams.app */ = {isa = PBXFileReference; explicitFileType = wrapper.application; includeInIndex = 0; path = Diagrams.app; sourceTree = BUILT_PRODUCTS_DIR; };
		6DABE39423B23EB4009EC65B /* AppDelegate.swift */ = {isa = PBXFileReference; lastKnownFileType = sourcecode.swift; path = AppDelegate.swift; sourceTree = "<group>"; };
		6DABE39623B23EB4009EC65B /* SceneDelegate.swift */ = {isa = PBXFileReference; lastKnownFileType = sourcecode.swift; path = SceneDelegate.swift; sourceTree = "<group>"; };
		6DABE39823B23EB4009EC65B /* ContentView.swift */ = {isa = PBXFileReference; lastKnownFileType = sourcecode.swift; path = ContentView.swift; sourceTree = "<group>"; };
		6DABE39A23B23EB8009EC65B /* Assets.xcassets */ = {isa = PBXFileReference; lastKnownFileType = folder.assetcatalog; path = Assets.xcassets; sourceTree = "<group>"; };
		6DABE39D23B23EB8009EC65B /* Preview Assets.xcassets */ = {isa = PBXFileReference; lastKnownFileType = folder.assetcatalog; path = "Preview Assets.xcassets"; sourceTree = "<group>"; };
		6DABE3A023B23EB8009EC65B /* Base */ = {isa = PBXFileReference; lastKnownFileType = file.storyboard; name = Base; path = Base.lproj/LaunchScreen.storyboard; sourceTree = "<group>"; };
		6DABE3A223B23EB8009EC65B /* Info.plist */ = {isa = PBXFileReference; lastKnownFileType = text.plist.xml; path = Info.plist; sourceTree = "<group>"; };
		6DABE3A723B23EB8009EC65B /* DiagramsTests.xctest */ = {isa = PBXFileReference; explicitFileType = wrapper.cfbundle; includeInIndex = 0; path = DiagramsTests.xctest; sourceTree = BUILT_PRODUCTS_DIR; };
		6DABE3AB23B23EB8009EC65B /* DiagramsTests.swift */ = {isa = PBXFileReference; lastKnownFileType = sourcecode.swift; path = DiagramsTests.swift; sourceTree = "<group>"; };
		6DABE3AD23B23EB8009EC65B /* Info.plist */ = {isa = PBXFileReference; lastKnownFileType = text.plist.xml; path = Info.plist; sourceTree = "<group>"; };
		6DABE3B223B23EB8009EC65B /* DiagramsUITests.xctest */ = {isa = PBXFileReference; explicitFileType = wrapper.cfbundle; includeInIndex = 0; path = DiagramsUITests.xctest; sourceTree = BUILT_PRODUCTS_DIR; };
		6DABE3B623B23EB8009EC65B /* DiagramsUITests.swift */ = {isa = PBXFileReference; lastKnownFileType = sourcecode.swift; path = DiagramsUITests.swift; sourceTree = "<group>"; };
		6DABE3B823B23EB8009EC65B /* Info.plist */ = {isa = PBXFileReference; lastKnownFileType = text.plist.xml; path = Info.plist; sourceTree = "<group>"; };
		6DABE3CD23B24B8B009EC65B /* GitHubApi */ = {isa = PBXFileReference; lastKnownFileType = text; path = GitHubApi; sourceTree = SOURCE_ROOT; };
		6DABE3D023B25287009EC65B /* NewsApi */ = {isa = PBXFileReference; lastKnownFileType = text; path = NewsApi; sourceTree = SOURCE_ROOT; };
/* End PBXFileReference section */

/* Begin PBXFrameworksBuildPhase section */
		6DABE38E23B23EB4009EC65B /* Frameworks */ = {
			isa = PBXFrameworksBuildPhase;
			buildActionMask = 2147483647;
			files = (
				6DABE3CF23B24C35009EC65B /* GitHubAPI in Frameworks */,
				6DABE3D223B25293009EC65B /* News in Frameworks */,
			);
			runOnlyForDeploymentPostprocessing = 0;
		};
		6DABE3A423B23EB8009EC65B /* Frameworks */ = {
			isa = PBXFrameworksBuildPhase;
			buildActionMask = 2147483647;
			files = (
			);
			runOnlyForDeploymentPostprocessing = 0;
		};
		6DABE3AF23B23EB8009EC65B /* Frameworks */ = {
			isa = PBXFrameworksBuildPhase;
			buildActionMask = 2147483647;
			files = (
			);
			runOnlyForDeploymentPostprocessing = 0;
		};
/* End PBXFrameworksBuildPhase section */

/* Begin PBXGroup section */
		6DABE38823B23EB4009EC65B = {
			isa = PBXGroup;
			children = (
				6DABE39323B23EB4009EC65B /* Diagrams */,
				6DABE3AA23B23EB8009EC65B /* DiagramsTests */,
				6DABE3B523B23EB8009EC65B /* DiagramsUITests */,
				6DABE39223B23EB4009EC65B /* Products */,
				6DABE3C723B23F57009EC65B /* Frameworks */,
			);
			sourceTree = "<group>";
		};
		6DABE39223B23EB4009EC65B /* Products */ = {
			isa = PBXGroup;
			children = (
				6DABE39123B23EB4009EC65B /* Diagrams.app */,
				6DABE3A723B23EB8009EC65B /* DiagramsTests.xctest */,
				6DABE3B223B23EB8009EC65B /* DiagramsUITests.xctest */,
			);
			name = Products;
			sourceTree = "<group>";
		};
		6DABE39323B23EB4009EC65B /* Diagrams */ = {
			isa = PBXGroup;
			children = (
				6DABE3D023B25287009EC65B /* NewsApi */,
				6DABE3CD23B24B8B009EC65B /* GitHubApi */,
				6DABE39423B23EB4009EC65B /* AppDelegate.swift */,
				6DABE39623B23EB4009EC65B /* SceneDelegate.swift */,
				6DABE39823B23EB4009EC65B /* ContentView.swift */,
				6DABE39A23B23EB8009EC65B /* Assets.xcassets */,
				6DABE39F23B23EB8009EC65B /* LaunchScreen.storyboard */,
				6DABE3A223B23EB8009EC65B /* Info.plist */,
				6DABE39C23B23EB8009EC65B /* Preview Content */,
			);
			path = Diagrams;
			sourceTree = "<group>";
		};
		6DABE39C23B23EB8009EC65B /* Preview Content */ = {
			isa = PBXGroup;
			children = (
				6DABE39D23B23EB8009EC65B /* Preview Assets.xcassets */,
			);
			path = "Preview Content";
			sourceTree = "<group>";
		};
		6DABE3AA23B23EB8009EC65B /* DiagramsTests */ = {
			isa = PBXGroup;
			children = (
				6DABE3AB23B23EB8009EC65B /* DiagramsTests.swift */,
				6DABE3AD23B23EB8009EC65B /* Info.plist */,
			);
			path = DiagramsTests;
			sourceTree = "<group>";
		};
		6DABE3B523B23EB8009EC65B /* DiagramsUITests */ = {
			isa = PBXGroup;
			children = (
				6DABE3B623B23EB8009EC65B /* DiagramsUITests.swift */,
				6DABE3B823B23EB8009EC65B /* Info.plist */,
			);
			path = DiagramsUITests;
			sourceTree = "<group>";
		};
		6DABE3C723B23F57009EC65B /* Frameworks */ = {
			isa = PBXGroup;
			children = (
			);
			name = Frameworks;
			sourceTree = "<group>";
		};
/* End PBXGroup section */

/* Begin PBXNativeTarget section */
		6DABE39023B23EB4009EC65B /* Diagrams */ = {
			isa = PBXNativeTarget;
			buildConfigurationList = 6DABE3BB23B23EB8009EC65B /* Build configuration list for PBXNativeTarget "Diagrams" */;
			buildPhases = (
				6DABE38D23B23EB4009EC65B /* Sources */,
				6DABE38E23B23EB4009EC65B /* Frameworks */,
				6DABE38F23B23EB4009EC65B /* Resources */,
			);
			buildRules = (
			);
			dependencies = (
			);
			name = Diagrams;
			packageProductDependencies = (
				6DABE3CE23B24C35009EC65B /* GitHubAPI */,
				6DABE3D123B25293009EC65B /* News */,
			);
			productName = Diagrams;
			productReference = 6DABE39123B23EB4009EC65B /* Diagrams.app */;
			productType = "com.apple.product-type.application";
		};
		6DABE3A623B23EB8009EC65B /* DiagramsTests */ = {
			isa = PBXNativeTarget;
			buildConfigurationList = 6DABE3BE23B23EB8009EC65B /* Build configuration list for PBXNativeTarget "DiagramsTests" */;
			buildPhases = (
				6DABE3A323B23EB8009EC65B /* Sources */,
				6DABE3A423B23EB8009EC65B /* Frameworks */,
				6DABE3A523B23EB8009EC65B /* Resources */,
			);
			buildRules = (
			);
			dependencies = (
				6DABE3A923B23EB8009EC65B /* PBXTargetDependency */,
			);
			name = DiagramsTests;
			productName = DiagramsTests;
			productReference = 6DABE3A723B23EB8009EC65B /* DiagramsTests.xctest */;
			productType = "com.apple.product-type.bundle.unit-test";
		};
		6DABE3B123B23EB8009EC65B /* DiagramsUITests */ = {
			isa = PBXNativeTarget;
			buildConfigurationList = 6DABE3C123B23EB8009EC65B /* Build configuration list for PBXNativeTarget "DiagramsUITests" */;
			buildPhases = (
				6DABE3AE23B23EB8009EC65B /* Sources */,
				6DABE3AF23B23EB8009EC65B /* Frameworks */,
				6DABE3B023B23EB8009EC65B /* Resources */,
			);
			buildRules = (
			);
			dependencies = (
				6DABE3B423B23EB8009EC65B /* PBXTargetDependency */,
			);
			name = DiagramsUITests;
			productName = DiagramsUITests;
			productReference = 6DABE3B223B23EB8009EC65B /* DiagramsUITests.xctest */;
			productType = "com.apple.product-type.bundle.ui-testing";
		};
/* End PBXNativeTarget section */

/* Begin PBXProject section */
		6DABE38923B23EB4009EC65B /* Project object */ = {
			isa = PBXProject;
			attributes = {
				LastSwiftUpdateCheck = 1130;
				LastUpgradeCheck = 1130;
				ORGANIZATIONNAME = "Ihor Pedan";
				TargetAttributes = {
					6DABE39023B23EB4009EC65B = {
						CreatedOnToolsVersion = 11.3;
					};
					6DABE3A623B23EB8009EC65B = {
						CreatedOnToolsVersion = 11.3;
						TestTargetID = 6DABE39023B23EB4009EC65B;
					};
					6DABE3B123B23EB8009EC65B = {
						CreatedOnToolsVersion = 11.3;
						TestTargetID = 6DABE39023B23EB4009EC65B;
					};
				};
			};
			buildConfigurationList = 6DABE38C23B23EB4009EC65B /* Build configuration list for PBXProject "Diagrams" */;
			compatibilityVersion = "Xcode 9.3";
			developmentRegion = en;
			hasScannedForEncodings = 0;
			knownRegions = (
				en,
				Base,
			);
			mainGroup = 6DABE38823B23EB4009EC65B;
			productRefGroup = 6DABE39223B23EB4009EC65B /* Products */;
			projectDirPath = "";
			projectRoot = "";
			targets = (
				6DABE39023B23EB4009EC65B /* Diagrams */,
				6DABE3A623B23EB8009EC65B /* DiagramsTests */,
				6DABE3B123B23EB8009EC65B /* DiagramsUITests */,
			);
		};
/* End PBXProject section */

/* Begin PBXResourcesBuildPhase section */
		6DABE38F23B23EB4009EC65B /* Resources */ = {
			isa = PBXResourcesBuildPhase;
			buildActionMask = 2147483647;
			files = (
				6DABE3A123B23EB8009EC65B /* LaunchScreen.storyboard in Resources */,
				6DABE39E23B23EB8009EC65B /* Preview Assets.xcassets in Resources */,
				6DABE39B23B23EB8009EC65B /* Assets.xcassets in Resources */,
			);
			runOnlyForDeploymentPostprocessing = 0;
		};
		6DABE3A523B23EB8009EC65B /* Resources */ = {
			isa = PBXResourcesBuildPhase;
			buildActionMask = 2147483647;
			files = (
			);
			runOnlyForDeploymentPostprocessing = 0;
		};
		6DABE3B023B23EB8009EC65B /* Resources */ = {
			isa = PBXResourcesBuildPhase;
			buildActionMask = 2147483647;
			files = (
			);
			runOnlyForDeploymentPostprocessing = 0;
		};
/* End PBXResourcesBuildPhase section */

/* Begin PBXSourcesBuildPhase section */
		6DABE38D23B23EB4009EC65B /* Sources */ = {
			isa = PBXSourcesBuildPhase;
			buildActionMask = 2147483647;
			files = (
				6DABE39523B23EB4009EC65B /* AppDelegate.swift in Sources */,
				6DABE39723B23EB4009EC65B /* SceneDelegate.swift in Sources */,
				6DABE39923B23EB4009EC65B /* ContentView.swift in Sources */,
			);
			runOnlyForDeploymentPostprocessing = 0;
		};
		6DABE3A323B23EB8009EC65B /* Sources */ = {
			isa = PBXSourcesBuildPhase;
			buildActionMask = 2147483647;
			files = (
				6DABE3AC23B23EB8009EC65B /* DiagramsTests.swift in Sources */,
			);
			runOnlyForDeploymentPostprocessing = 0;
		};
		6DABE3AE23B23EB8009EC65B /* Sources */ = {
			isa = PBXSourcesBuildPhase;
			buildActionMask = 2147483647;
			files = (
				6DABE3B723B23EB8009EC65B /* DiagramsUITests.swift in Sources */,
			);
			runOnlyForDeploymentPostprocessing = 0;
		};
/* End PBXSourcesBuildPhase section */

/* Begin PBXTargetDependency section */
		6DABE3A923B23EB8009EC65B /* PBXTargetDependency */ = {
			isa = PBXTargetDependency;
			target = 6DABE39023B23EB4009EC65B /* Diagrams */;
			targetProxy = 6DABE3A823B23EB8009EC65B /* PBXContainerItemProxy */;
		};
		6DABE3B423B23EB8009EC65B /* PBXTargetDependency */ = {
			isa = PBXTargetDependency;
			target = 6DABE39023B23EB4009EC65B /* Diagrams */;
			targetProxy = 6DABE3B323B23EB8009EC65B /* PBXContainerItemProxy */;
		};
/* End PBXTargetDependency section */

/* Begin PBXVariantGroup section */
		6DABE39F23B23EB8009EC65B /* LaunchScreen.storyboard */ = {
			isa = PBXVariantGroup;
			children = (
				6DABE3A023B23EB8009EC65B /* Base */,
			);
			name = LaunchScreen.storyboard;
			sourceTree = "<group>";
		};
/* End PBXVariantGroup section */

/* Begin XCBuildConfiguration section */
		6DABE3B923B23EB8009EC65B /* Debug */ = {
			isa = XCBuildConfiguration;
			buildSettings = {
				ALWAYS_SEARCH_USER_PATHS = NO;
				CLANG_ANALYZER_NONNULL = YES;
				CLANG_ANALYZER_NUMBER_OBJECT_CONVERSION = YES_AGGRESSIVE;
				CLANG_CXX_LANGUAGE_STANDARD = "gnu++14";
				CLANG_CXX_LIBRARY = "libc++";
				CLANG_ENABLE_MODULES = YES;
				CLANG_ENABLE_OBJC_ARC = YES;
				CLANG_ENABLE_OBJC_WEAK = YES;
				CLANG_WARN_BLOCK_CAPTURE_AUTORELEASING = YES;
				CLANG_WARN_BOOL_CONVERSION = YES;
				CLANG_WARN_COMMA = YES;
				CLANG_WARN_CONSTANT_CONVERSION = YES;
				CLANG_WARN_DEPRECATED_OBJC_IMPLEMENTATIONS = YES;
				CLANG_WARN_DIRECT_OBJC_ISA_USAGE = YES_ERROR;
				CLANG_WARN_DOCUMENTATION_COMMENTS = YES;
				CLANG_WARN_EMPTY_BODY = YES;
				CLANG_WARN_ENUM_CONVERSION = YES;
				CLANG_WARN_INFINITE_RECURSION = YES;
				CLANG_WARN_INT_CONVERSION = YES;
				CLANG_WARN_NON_LITERAL_NULL_CONVERSION = YES;
				CLANG_WARN_OBJC_IMPLICIT_RETAIN_SELF = YES;
				CLANG_WARN_OBJC_LITERAL_CONVERSION = YES;
				CLANG_WARN_OBJC_ROOT_CLASS = YES_ERROR;
				CLANG_WARN_RANGE_LOOP_ANALYSIS = YES;
				CLANG_WARN_STRICT_PROTOTYPES = YES;
				CLANG_WARN_SUSPICIOUS_MOVE = YES;
				CLANG_WARN_UNGUARDED_AVAILABILITY = YES_AGGRESSIVE;
				CLANG_WARN_UNREACHABLE_CODE = YES;
				CLANG_WARN__DUPLICATE_METHOD_MATCH = YES;
				COPY_PHASE_STRIP = NO;
				DEBUG_INFORMATION_FORMAT = dwarf;
				ENABLE_STRICT_OBJC_MSGSEND = YES;
				ENABLE_TESTABILITY = YES;
				GCC_C_LANGUAGE_STANDARD = gnu11;
				GCC_DYNAMIC_NO_PIC = NO;
				GCC_NO_COMMON_BLOCKS = YES;
				GCC_OPTIMIZATION_LEVEL = 0;
				GCC_PREPROCESSOR_DEFINITIONS = (
					"DEBUG=1",
					"$(inherited)",
				);
				GCC_WARN_64_TO_32_BIT_CONVERSION = YES;
				GCC_WARN_ABOUT_RETURN_TYPE = YES_ERROR;
				GCC_WARN_UNDECLARED_SELECTOR = YES;
				GCC_WARN_UNINITIALIZED_AUTOS = YES_AGGRESSIVE;
				GCC_WARN_UNUSED_FUNCTION = YES;
				GCC_WARN_UNUSED_VARIABLE = YES;
				IPHONEOS_DEPLOYMENT_TARGET = 13.2;
				MTL_ENABLE_DEBUG_INFO = INCLUDE_SOURCE;
				MTL_FAST_MATH = YES;
				ONLY_ACTIVE_ARCH = YES;
				SDKROOT = iphoneos;
				SWIFT_ACTIVE_COMPILATION_CONDITIONS = DEBUG;
				SWIFT_OPTIMIZATION_LEVEL = "-Onone";
			};
			name = Debug;
		};
		6DABE3BA23B23EB8009EC65B /* Release */ = {
			isa = XCBuildConfiguration;
			buildSettings = {
				ALWAYS_SEARCH_USER_PATHS = NO;
				CLANG_ANALYZER_NONNULL = YES;
				CLANG_ANALYZER_NUMBER_OBJECT_CONVERSION = YES_AGGRESSIVE;
				CLANG_CXX_LANGUAGE_STANDARD = "gnu++14";
				CLANG_CXX_LIBRARY = "libc++";
				CLANG_ENABLE_MODULES = YES;
				CLANG_ENABLE_OBJC_ARC = YES;
				CLANG_ENABLE_OBJC_WEAK = YES;
				CLANG_WARN_BLOCK_CAPTURE_AUTORELEASING = YES;
				CLANG_WARN_BOOL_CONVERSION = YES;
				CLANG_WARN_COMMA = YES;
				CLANG_WARN_CONSTANT_CONVERSION = YES;
				CLANG_WARN_DEPRECATED_OBJC_IMPLEMENTATIONS = YES;
				CLANG_WARN_DIRECT_OBJC_ISA_USAGE = YES_ERROR;
				CLANG_WARN_DOCUMENTATION_COMMENTS = YES;
				CLANG_WARN_EMPTY_BODY = YES;
				CLANG_WARN_ENUM_CONVERSION = YES;
				CLANG_WARN_INFINITE_RECURSION = YES;
				CLANG_WARN_INT_CONVERSION = YES;
				CLANG_WARN_NON_LITERAL_NULL_CONVERSION = YES;
				CLANG_WARN_OBJC_IMPLICIT_RETAIN_SELF = YES;
				CLANG_WARN_OBJC_LITERAL_CONVERSION = YES;
				CLANG_WARN_OBJC_ROOT_CLASS = YES_ERROR;
				CLANG_WARN_RANGE_LOOP_ANALYSIS = YES;
				CLANG_WARN_STRICT_PROTOTYPES = YES;
				CLANG_WARN_SUSPICIOUS_MOVE = YES;
				CLANG_WARN_UNGUARDED_AVAILABILITY = YES_AGGRESSIVE;
				CLANG_WARN_UNREACHABLE_CODE = YES;
				CLANG_WARN__DUPLICATE_METHOD_MATCH = YES;
				COPY_PHASE_STRIP = NO;
				DEBUG_INFORMATION_FORMAT = "dwarf-with-dsym";
				ENABLE_NS_ASSERTIONS = NO;
				ENABLE_STRICT_OBJC_MSGSEND = YES;
				GCC_C_LANGUAGE_STANDARD = gnu11;
				GCC_NO_COMMON_BLOCKS = YES;
				GCC_WARN_64_TO_32_BIT_CONVERSION = YES;
				GCC_WARN_ABOUT_RETURN_TYPE = YES_ERROR;
				GCC_WARN_UNDECLARED_SELECTOR = YES;
				GCC_WARN_UNINITIALIZED_AUTOS = YES_AGGRESSIVE;
				GCC_WARN_UNUSED_FUNCTION = YES;
				GCC_WARN_UNUSED_VARIABLE = YES;
				IPHONEOS_DEPLOYMENT_TARGET = 13.2;
				MTL_ENABLE_DEBUG_INFO = NO;
				MTL_FAST_MATH = YES;
				SDKROOT = iphoneos;
				SWIFT_COMPILATION_MODE = wholemodule;
				SWIFT_OPTIMIZATION_LEVEL = "-O";
				VALIDATE_PRODUCT = YES;
			};
			name = Release;
		};
		6DABE3BC23B23EB8009EC65B /* Debug */ = {
			isa = XCBuildConfiguration;
			buildSettings = {
				ASSETCATALOG_COMPILER_APPICON_NAME = AppIcon;
				CODE_SIGN_STYLE = Automatic;
				DEVELOPMENT_ASSET_PATHS = "\"Diagrams/Preview Content\"";
				DEVELOPMENT_TEAM = 55XDXTH9ZS;
				ENABLE_PREVIEWS = YES;
				INFOPLIST_FILE = Diagrams/Info.plist;
				LD_RUNPATH_SEARCH_PATHS = (
					"$(inherited)",
					"@executable_path/Frameworks",
				);
				PRODUCT_BUNDLE_IDENTIFIER = com.pedan.Diagrams;
				PRODUCT_NAME = "$(TARGET_NAME)";
				SWIFT_VERSION = 5.0;
				TARGETED_DEVICE_FAMILY = "1,2";
			};
			name = Debug;
		};
		6DABE3BD23B23EB8009EC65B /* Release */ = {
			isa = XCBuildConfiguration;
			buildSettings = {
				ASSETCATALOG_COMPILER_APPICON_NAME = AppIcon;
				CODE_SIGN_STYLE = Automatic;
				DEVELOPMENT_ASSET_PATHS = "\"Diagrams/Preview Content\"";
				DEVELOPMENT_TEAM = 55XDXTH9ZS;
				ENABLE_PREVIEWS = YES;
				INFOPLIST_FILE = Diagrams/Info.plist;
				LD_RUNPATH_SEARCH_PATHS = (
					"$(inherited)",
					"@executable_path/Frameworks",
				);
				PRODUCT_BUNDLE_IDENTIFIER = com.pedan.Diagrams;
				PRODUCT_NAME = "$(TARGET_NAME)";
				SWIFT_VERSION = 5.0;
				TARGETED_DEVICE_FAMILY = "1,2";
			};
			name = Release;
		};
		6DABE3BF23B23EB8009EC65B /* Debug */ = {
			isa = XCBuildConfiguration;
			buildSettings = {
				ALWAYS_EMBED_SWIFT_STANDARD_LIBRARIES = YES;
				BUNDLE_LOADER = "$(TEST_HOST)";
				CODE_SIGN_STYLE = Automatic;
				DEVELOPMENT_TEAM = 55XDXTH9ZS;
				INFOPLIST_FILE = DiagramsTests/Info.plist;
				IPHONEOS_DEPLOYMENT_TARGET = 13.2;
				LD_RUNPATH_SEARCH_PATHS = (
					"$(inherited)",
					"@executable_path/Frameworks",
					"@loader_path/Frameworks",
				);
				PRODUCT_BUNDLE_IDENTIFIER = com.pedan.DiagramsTests;
				PRODUCT_NAME = "$(TARGET_NAME)";
				SWIFT_VERSION = 5.0;
				TARGETED_DEVICE_FAMILY = "1,2";
				TEST_HOST = "$(BUILT_PRODUCTS_DIR)/Diagrams.app/Diagrams";
			};
			name = Debug;
		};
		6DABE3C023B23EB8009EC65B /* Release */ = {
			isa = XCBuildConfiguration;
			buildSettings = {
				ALWAYS_EMBED_SWIFT_STANDARD_LIBRARIES = YES;
				BUNDLE_LOADER = "$(TEST_HOST)";
				CODE_SIGN_STYLE = Automatic;
				DEVELOPMENT_TEAM = 55XDXTH9ZS;
				INFOPLIST_FILE = DiagramsTests/Info.plist;
				IPHONEOS_DEPLOYMENT_TARGET = 13.2;
				LD_RUNPATH_SEARCH_PATHS = (
					"$(inherited)",
					"@executable_path/Frameworks",
					"@loader_path/Frameworks",
				);
				PRODUCT_BUNDLE_IDENTIFIER = com.pedan.DiagramsTests;
				PRODUCT_NAME = "$(TARGET_NAME)";
				SWIFT_VERSION = 5.0;
				TARGETED_DEVICE_FAMILY = "1,2";
				TEST_HOST = "$(BUILT_PRODUCTS_DIR)/Diagrams.app/Diagrams";
			};
			name = Release;
		};
		6DABE3C223B23EB8009EC65B /* Debug */ = {
			isa = XCBuildConfiguration;
			buildSettings = {
				ALWAYS_EMBED_SWIFT_STANDARD_LIBRARIES = YES;
				CODE_SIGN_STYLE = Automatic;
				DEVELOPMENT_TEAM = 55XDXTH9ZS;
				INFOPLIST_FILE = DiagramsUITests/Info.plist;
				LD_RUNPATH_SEARCH_PATHS = (
					"$(inherited)",
					"@executable_path/Frameworks",
					"@loader_path/Frameworks",
				);
				PRODUCT_BUNDLE_IDENTIFIER = com.pedan.DiagramsUITests;
				PRODUCT_NAME = "$(TARGET_NAME)";
				SWIFT_VERSION = 5.0;
				TARGETED_DEVICE_FAMILY = "1,2";
				TEST_TARGET_NAME = Diagrams;
			};
			name = Debug;
		};
		6DABE3C323B23EB8009EC65B /* Release */ = {
			isa = XCBuildConfiguration;
			buildSettings = {
				ALWAYS_EMBED_SWIFT_STANDARD_LIBRARIES = YES;
				CODE_SIGN_STYLE = Automatic;
				DEVELOPMENT_TEAM = 55XDXTH9ZS;
				INFOPLIST_FILE = DiagramsUITests/Info.plist;
				LD_RUNPATH_SEARCH_PATHS = (
					"$(inherited)",
					"@executable_path/Frameworks",
					"@loader_path/Frameworks",
				);
				PRODUCT_BUNDLE_IDENTIFIER = com.pedan.DiagramsUITests;
				PRODUCT_NAME = "$(TARGET_NAME)";
				SWIFT_VERSION = 5.0;
				TARGETED_DEVICE_FAMILY = "1,2";
				TEST_TARGET_NAME = Diagrams;
			};
			name = Release;
		};
/* End XCBuildConfiguration section */

/* Begin XCConfigurationList section */
		6DABE38C23B23EB4009EC65B /* Build configuration list for PBXProject "Diagrams" */ = {
			isa = XCConfigurationList;
			buildConfigurations = (
				6DABE3B923B23EB8009EC65B /* Debug */,
				6DABE3BA23B23EB8009EC65B /* Release */,
			);
			defaultConfigurationIsVisible = 0;
			defaultConfigurationName = Release;
		};
		6DABE3BB23B23EB8009EC65B /* Build configuration list for PBXNativeTarget "Diagrams" */ = {
			isa = XCConfigurationList;
			buildConfigurations = (
				6DABE3BC23B23EB8009EC65B /* Debug */,
				6DABE3BD23B23EB8009EC65B /* Release */,
			);
			defaultConfigurationIsVisible = 0;
			defaultConfigurationName = Release;
		};
		6DABE3BE23B23EB8009EC65B /* Build configuration list for PBXNativeTarget "DiagramsTests" */ = {
			isa = XCConfigurationList;
			buildConfigurations = (
				6DABE3BF23B23EB8009EC65B /* Debug */,
				6DABE3C023B23EB8009EC65B /* Release */,
			);
			defaultConfigurationIsVisible = 0;
			defaultConfigurationName = Release;
		};
		6DABE3C123B23EB8009EC65B /* Build configuration list for PBXNativeTarget "DiagramsUITests" */ = {
			isa = XCConfigurationList;
			buildConfigurations = (
				6DABE3C223B23EB8009EC65B /* Debug */,
				6DABE3C323B23EB8009EC65B /* Release */,
			);
			defaultConfigurationIsVisible = 0;
			defaultConfigurationName = Release;
		};
/* End XCConfigurationList section */

/* Begin XCSwiftPackageProductDependency section */
		6DABE3CE23B24C35009EC65B /* GitHubAPI */ = {
			isa = XCSwiftPackageProductDependency;
			productName = GitHubAPI;
		};
		6DABE3D123B25293009EC65B /* News */ = {
			isa = XCSwiftPackageProductDependency;
			productName = News;
		};
/* End XCSwiftPackageProductDependency section */
	};
	rootObject = 6DABE38923B23EB4009EC65B /* Project object */;
}
